// !$*UTF8*$!
{
	archiveVersion = 1;
	classes = {
	};
	objectVersion = 56;
	objects = {

/* Begin PBXBuildFile section */
		7E3AF50B2AD10EF20076F585 /* FileManager.swift in Sources */ = {isa = PBXBuildFile; fileRef = 7E3AF50A2AD10EF20076F585 /* FileManager.swift */; };
		7E3AF50D2AD117840076F585 /* MagicCardFormType.swift in Sources */ = {isa = PBXBuildFile; fileRef = 7E3AF50C2AD117840076F585 /* MagicCardFormType.swift */; };
		7EDE34F92ACFA12D00B22BC2 /* magic_cards_crudApp.swift in Sources */ = {isa = PBXBuildFile; fileRef = 7EDE34F82ACFA12D00B22BC2 /* magic_cards_crudApp.swift */; };
		7EDE34FB2ACFA12D00B22BC2 /* MagicCardListView.swift in Sources */ = {isa = PBXBuildFile; fileRef = 7EDE34FA2ACFA12D00B22BC2 /* MagicCardListView.swift */; };
		7EDE34FD2ACFA12F00B22BC2 /* Assets.xcassets in Resources */ = {isa = PBXBuildFile; fileRef = 7EDE34FC2ACFA12F00B22BC2 /* Assets.xcassets */; };
		7EDE35002ACFA12F00B22BC2 /* Preview Assets.xcassets in Resources */ = {isa = PBXBuildFile; fileRef = 7EDE34FF2ACFA12F00B22BC2 /* Preview Assets.xcassets */; };
		7EDE35052ACFA12F00B22BC2 /* magic_cards_crud.xcdatamodeld in Sources */ = {isa = PBXBuildFile; fileRef = 7EDE35032ACFA12F00B22BC2 /* magic_cards_crud.xcdatamodeld */; };
		7EDE350E2ACFA6BE00B22BC2 /* MagicCardContainer.swift in Sources */ = {isa = PBXBuildFile; fileRef = 7EDE350D2ACFA6BE00B22BC2 /* MagicCardContainer.swift */; };
		7EDE35142ACFBAD100B22BC2 /* MagicCard.swift in Sources */ = {isa = PBXBuildFile; fileRef = 7EDE35132ACFBAD100B22BC2 /* MagicCard.swift */; };
		7EDE35172ACFBEAB00B22BC2 /* MagicCardFormView.swift in Sources */ = {isa = PBXBuildFile; fileRef = 7EDE35162ACFBEAB00B22BC2 /* MagicCardFormView.swift */; };
		7EDE35192ACFC2A400B22BC2 /* MagicCardFormViewModel.swift in Sources */ = {isa = PBXBuildFile; fileRef = 7EDE35182ACFC2A400B22BC2 /* MagicCardFormViewModel.swift */; };
/* End PBXBuildFile section */

/* Begin PBXFileReference section */
		7E3AF50A2AD10EF20076F585 /* FileManager.swift */ = {isa = PBXFileReference; lastKnownFileType = sourcecode.swift; path = FileManager.swift; sourceTree = "<group>"; };
		7E3AF50C2AD117840076F585 /* MagicCardFormType.swift */ = {isa = PBXFileReference; lastKnownFileType = sourcecode.swift; path = MagicCardFormType.swift; sourceTree = "<group>"; };
		7EDE34F52ACFA12D00B22BC2 /* magic-cards-crud.app */ = {isa = PBXFileReference; explicitFileType = wrapper.application; includeInIndex = 0; path = "magic-cards-crud.app"; sourceTree = BUILT_PRODUCTS_DIR; };
		7EDE34F82ACFA12D00B22BC2 /* magic_cards_crudApp.swift */ = {isa = PBXFileReference; lastKnownFileType = sourcecode.swift; path = magic_cards_crudApp.swift; sourceTree = "<group>"; };
		7EDE34FA2ACFA12D00B22BC2 /* MagicCardListView.swift */ = {isa = PBXFileReference; lastKnownFileType = sourcecode.swift; path = MagicCardListView.swift; sourceTree = "<group>"; };
		7EDE34FC2ACFA12F00B22BC2 /* Assets.xcassets */ = {isa = PBXFileReference; lastKnownFileType = folder.assetcatalog; path = Assets.xcassets; sourceTree = "<group>"; };
		7EDE34FF2ACFA12F00B22BC2 /* Preview Assets.xcassets */ = {isa = PBXFileReference; lastKnownFileType = folder.assetcatalog; path = "Preview Assets.xcassets"; sourceTree = "<group>"; };
		7EDE35042ACFA12F00B22BC2 /* magic_cards_crud.xcdatamodel */ = {isa = PBXFileReference; lastKnownFileType = wrapper.xcdatamodel; path = magic_cards_crud.xcdatamodel; sourceTree = "<group>"; };
		7EDE350D2ACFA6BE00B22BC2 /* MagicCardContainer.swift */ = {isa = PBXFileReference; lastKnownFileType = sourcecode.swift; path = MagicCardContainer.swift; sourceTree = "<group>"; };
		7EDE35132ACFBAD100B22BC2 /* MagicCard.swift */ = {isa = PBXFileReference; lastKnownFileType = sourcecode.swift; path = MagicCard.swift; sourceTree = "<group>"; };
		7EDE35162ACFBEAB00B22BC2 /* MagicCardFormView.swift */ = {isa = PBXFileReference; lastKnownFileType = sourcecode.swift; path = MagicCardFormView.swift; sourceTree = "<group>"; };
		7EDE35182ACFC2A400B22BC2 /* MagicCardFormViewModel.swift */ = {isa = PBXFileReference; lastKnownFileType = sourcecode.swift; path = MagicCardFormViewModel.swift; sourceTree = "<group>"; };
/* End PBXFileReference section */

/* Begin PBXFrameworksBuildPhase section */
		7EDE34F22ACFA12D00B22BC2 /* Frameworks */ = {
			isa = PBXFrameworksBuildPhase;
			buildActionMask = 2147483647;
			files = (
			);
			runOnlyForDeploymentPostprocessing = 0;
		};
/* End PBXFrameworksBuildPhase section */

/* Begin PBXGroup section */
		7E3AF50E2AD119FC0076F585 /* useCases */ = {
			isa = PBXGroup;
			children = (
				7E3AF50A2AD10EF20076F585 /* FileManager.swift */,
			);
			path = useCases;
			sourceTree = "<group>";
		};
		7EDE34EC2ACFA12D00B22BC2 = {
			isa = PBXGroup;
			children = (
				7EDE34F72ACFA12D00B22BC2 /* magic-cards-crud */,
				7EDE34F62ACFA12D00B22BC2 /* Products */,
			);
			sourceTree = "<group>";
		};
		7EDE34F62ACFA12D00B22BC2 /* Products */ = {
			isa = PBXGroup;
			children = (
				7EDE34F52ACFA12D00B22BC2 /* magic-cards-crud.app */,
			);
			name = Products;
			sourceTree = "<group>";
		};
		7EDE34F72ACFA12D00B22BC2 /* magic-cards-crud */ = {
			isa = PBXGroup;
			children = (
				7E3AF50E2AD119FC0076F585 /* useCases */,
				7EDE35122ACFB80300B22BC2 /* View */,
				7EDE350C2ACFA63100B22BC2 /* CoreData */,
				7EDE34F82ACFA12D00B22BC2 /* magic_cards_crudApp.swift */,
				7EDE34FC2ACFA12F00B22BC2 /* Assets.xcassets */,
				7EDE34FE2ACFA12F00B22BC2 /* Preview Content */,
			);
			path = "magic-cards-crud";
			sourceTree = "<group>";
		};
		7EDE34FE2ACFA12F00B22BC2 /* Preview Content */ = {
			isa = PBXGroup;
			children = (
				7EDE34FF2ACFA12F00B22BC2 /* Preview Assets.xcassets */,
			);
			path = "Preview Content";
			sourceTree = "<group>";
		};
		7EDE350C2ACFA63100B22BC2 /* CoreData */ = {
			isa = PBXGroup;
			children = (
				7EDE35032ACFA12F00B22BC2 /* magic_cards_crud.xcdatamodeld */,
				7EDE350D2ACFA6BE00B22BC2 /* MagicCardContainer.swift */,
				7EDE35132ACFBAD100B22BC2 /* MagicCard.swift */,
			);
			path = CoreData;
			sourceTree = "<group>";
		};
		7EDE350F2ACFABDB00B22BC2 /* MagicCardForm */ = {
			isa = PBXGroup;
			children = (
				7EDE35162ACFBEAB00B22BC2 /* MagicCardFormView.swift */,
				7EDE35182ACFC2A400B22BC2 /* MagicCardFormViewModel.swift */,
				7E3AF50C2AD117840076F585 /* MagicCardFormType.swift */,
			);
			path = MagicCardForm;
			sourceTree = "<group>";
		};
		7EDE35112ACFAC4D00B22BC2 /* MagicCardList */ = {
			isa = PBXGroup;
			children = (
				7EDE34FA2ACFA12D00B22BC2 /* MagicCardListView.swift */,
			);
			path = MagicCardList;
			sourceTree = "<group>";
		};
		7EDE35122ACFB80300B22BC2 /* View */ = {
			isa = PBXGroup;
			children = (
				7EDE350F2ACFABDB00B22BC2 /* MagicCardForm */,
				7EDE35112ACFAC4D00B22BC2 /* MagicCardList */,
			);
			path = View;
			sourceTree = "<group>";
		};
/* End PBXGroup section */

/* Begin PBXNativeTarget section */
		7EDE34F42ACFA12D00B22BC2 /* magic-cards-crud */ = {
			isa = PBXNativeTarget;
			buildConfigurationList = 7EDE35082ACFA12F00B22BC2 /* Build configuration list for PBXNativeTarget "magic-cards-crud" */;
			buildPhases = (
				7EDE34F12ACFA12D00B22BC2 /* Sources */,
				7EDE34F22ACFA12D00B22BC2 /* Frameworks */,
				7EDE34F32ACFA12D00B22BC2 /* Resources */,
			);
			buildRules = (
			);
			dependencies = (
			);
			name = "magic-cards-crud";
			productName = "magic-cards-crud";
			productReference = 7EDE34F52ACFA12D00B22BC2 /* magic-cards-crud.app */;
			productType = "com.apple.product-type.application";
		};
/* End PBXNativeTarget section */

/* Begin PBXProject section */
		7EDE34ED2ACFA12D00B22BC2 /* Project object */ = {
			isa = PBXProject;
			attributes = {
				BuildIndependentTargetsInParallel = 1;
				LastSwiftUpdateCheck = 1430;
				LastUpgradeCheck = 1430;
				TargetAttributes = {
					7EDE34F42ACFA12D00B22BC2 = {
						CreatedOnToolsVersion = 14.3.1;
					};
				};
			};
			buildConfigurationList = 7EDE34F02ACFA12D00B22BC2 /* Build configuration list for PBXProject "magic-cards-crud" */;
			compatibilityVersion = "Xcode 14.0";
			developmentRegion = en;
			hasScannedForEncodings = 0;
			knownRegions = (
				en,
				Base,
			);
			mainGroup = 7EDE34EC2ACFA12D00B22BC2;
			productRefGroup = 7EDE34F62ACFA12D00B22BC2 /* Products */;
			projectDirPath = "";
			projectRoot = "";
			targets = (
				7EDE34F42ACFA12D00B22BC2 /* magic-cards-crud */,
			);
		};
/* End PBXProject section */

/* Begin PBXResourcesBuildPhase section */
		7EDE34F32ACFA12D00B22BC2 /* Resources */ = {
			isa = PBXResourcesBuildPhase;
			buildActionMask = 2147483647;
			files = (
				7EDE35002ACFA12F00B22BC2 /* Preview Assets.xcassets in Resources */,
				7EDE34FD2ACFA12F00B22BC2 /* Assets.xcassets in Resources */,
			);
			runOnlyForDeploymentPostprocessing = 0;
		};
/* End PBXResourcesBuildPhase section */

/* Begin PBXSourcesBuildPhase section */
		7EDE34F12ACFA12D00B22BC2 /* Sources */ = {
			isa = PBXSourcesBuildPhase;
			buildActionMask = 2147483647;
			files = (
				7EDE35142ACFBAD100B22BC2 /* MagicCard.swift in Sources */,
				7E3AF50D2AD117840076F585 /* MagicCardFormType.swift in Sources */,
				7EDE34FB2ACFA12D00B22BC2 /* MagicCardListView.swift in Sources */,
				7EDE35172ACFBEAB00B22BC2 /* MagicCardFormView.swift in Sources */,
				7E3AF50B2AD10EF20076F585 /* FileManager.swift in Sources */,
				7EDE34F92ACFA12D00B22BC2 /* magic_cards_crudApp.swift in Sources */,
				7EDE35052ACFA12F00B22BC2 /* magic_cards_crud.xcdatamodeld in Sources */,
				7EDE35192ACFC2A400B22BC2 /* MagicCardFormViewModel.swift in Sources */,
				7EDE350E2ACFA6BE00B22BC2 /* MagicCardContainer.swift in Sources */,
			);
			runOnlyForDeploymentPostprocessing = 0;
		};
/* End PBXSourcesBuildPhase section */

/* Begin XCBuildConfiguration section */
		7EDE35062ACFA12F00B22BC2 /* Debug */ = {
			isa = XCBuildConfiguration;
			buildSettings = {
				ALWAYS_SEARCH_USER_PATHS = NO;
				CLANG_ANALYZER_NONNULL = YES;
				CLANG_ANALYZER_NUMBER_OBJECT_CONVERSION = YES_AGGRESSIVE;
				CLANG_CXX_LANGUAGE_STANDARD = "gnu++20";
				CLANG_ENABLE_MODULES = YES;
				CLANG_ENABLE_OBJC_ARC = YES;
				CLANG_ENABLE_OBJC_WEAK = YES;
				CLANG_WARN_BLOCK_CAPTURE_AUTORELEASING = YES;
				CLANG_WARN_BOOL_CONVERSION = YES;
				CLANG_WARN_COMMA = YES;
				CLANG_WARN_CONSTANT_CONVERSION = YES;
				CLANG_WARN_DEPRECATED_OBJC_IMPLEMENTATIONS = YES;
				CLANG_WARN_DIRECT_OBJC_ISA_USAGE = YES_ERROR;
				CLANG_WARN_DOCUMENTATION_COMMENTS = YES;
				CLANG_WARN_EMPTY_BODY = YES;
				CLANG_WARN_ENUM_CONVERSION = YES;
				CLANG_WARN_INFINITE_RECURSION = YES;
				CLANG_WARN_INT_CONVERSION = YES;
				CLANG_WARN_NON_LITERAL_NULL_CONVERSION = YES;
				CLANG_WARN_OBJC_IMPLICIT_RETAIN_SELF = YES;
				CLANG_WARN_OBJC_LITERAL_CONVERSION = YES;
				CLANG_WARN_OBJC_ROOT_CLASS = YES_ERROR;
				CLANG_WARN_QUOTED_INCLUDE_IN_FRAMEWORK_HEADER = YES;
				CLANG_WARN_RANGE_LOOP_ANALYSIS = YES;
				CLANG_WARN_STRICT_PROTOTYPES = YES;
				CLANG_WARN_SUSPICIOUS_MOVE = YES;
				CLANG_WARN_UNGUARDED_AVAILABILITY = YES_AGGRESSIVE;
				CLANG_WARN_UNREACHABLE_CODE = YES;
				CLANG_WARN__DUPLICATE_METHOD_MATCH = YES;
				COPY_PHASE_STRIP = NO;
				DEBUG_INFORMATION_FORMAT = dwarf;
				ENABLE_STRICT_OBJC_MSGSEND = YES;
				ENABLE_TESTABILITY = YES;
				GCC_C_LANGUAGE_STANDARD = gnu11;
				GCC_DYNAMIC_NO_PIC = NO;
				GCC_NO_COMMON_BLOCKS = YES;
				GCC_OPTIMIZATION_LEVEL = 0;
				GCC_PREPROCESSOR_DEFINITIONS = (
					"DEBUG=1",
					"$(inherited)",
				);
				GCC_WARN_64_TO_32_BIT_CONVERSION = YES;
				GCC_WARN_ABOUT_RETURN_TYPE = YES_ERROR;
				GCC_WARN_UNDECLARED_SELECTOR = YES;
				GCC_WARN_UNINITIALIZED_AUTOS = YES_AGGRESSIVE;
				GCC_WARN_UNUSED_FUNCTION = YES;
				GCC_WARN_UNUSED_VARIABLE = YES;
				IPHONEOS_DEPLOYMENT_TARGET = 16.4;
				MTL_ENABLE_DEBUG_INFO = INCLUDE_SOURCE;
				MTL_FAST_MATH = YES;
				ONLY_ACTIVE_ARCH = YES;
				SDKROOT = iphoneos;
				SWIFT_ACTIVE_COMPILATION_CONDITIONS = DEBUG;
				SWIFT_OPTIMIZATION_LEVEL = "-Onone";
			};
			name = Debug;
		};
		7EDE35072ACFA12F00B22BC2 /* Release */ = {
			isa = XCBuildConfiguration;
			buildSettings = {
				ALWAYS_SEARCH_USER_PATHS = NO;
				CLANG_ANALYZER_NONNULL = YES;
				CLANG_ANALYZER_NUMBER_OBJECT_CONVERSION = YES_AGGRESSIVE;
				CLANG_CXX_LANGUAGE_STANDARD = "gnu++20";
				CLANG_ENABLE_MODULES = YES;
				CLANG_ENABLE_OBJC_ARC = YES;
				CLANG_ENABLE_OBJC_WEAK = YES;
				CLANG_WARN_BLOCK_CAPTURE_AUTORELEASING = YES;
				CLANG_WARN_BOOL_CONVERSION = YES;
				CLANG_WARN_COMMA = YES;
				CLANG_WARN_CONSTANT_CONVERSION = YES;
				CLANG_WARN_DEPRECATED_OBJC_IMPLEMENTATIONS = YES;
				CLANG_WARN_DIRECT_OBJC_ISA_USAGE = YES_ERROR;
				CLANG_WARN_DOCUMENTATION_COMMENTS = YES;
				CLANG_WARN_EMPTY_BODY = YES;
				CLANG_WARN_ENUM_CONVERSION = YES;
				CLANG_WARN_INFINITE_RECURSION = YES;
				CLANG_WARN_INT_CONVERSION = YES;
				CLANG_WARN_NON_LITERAL_NULL_CONVERSION = YES;
				CLANG_WARN_OBJC_IMPLICIT_RETAIN_SELF = YES;
				CLANG_WARN_OBJC_LITERAL_CONVERSION = YES;
				CLANG_WARN_OBJC_ROOT_CLASS = YES_ERROR;
				CLANG_WARN_QUOTED_INCLUDE_IN_FRAMEWORK_HEADER = YES;
				CLANG_WARN_RANGE_LOOP_ANALYSIS = YES;
				CLANG_WARN_STRICT_PROTOTYPES = YES;
				CLANG_WARN_SUSPICIOUS_MOVE = YES;
				CLANG_WARN_UNGUARDED_AVAILABILITY = YES_AGGRESSIVE;
				CLANG_WARN_UNREACHABLE_CODE = YES;
				CLANG_WARN__DUPLICATE_METHOD_MATCH = YES;
				COPY_PHASE_STRIP = NO;
				DEBUG_INFORMATION_FORMAT = "dwarf-with-dsym";
				ENABLE_NS_ASSERTIONS = NO;
				ENABLE_STRICT_OBJC_MSGSEND = YES;
				GCC_C_LANGUAGE_STANDARD = gnu11;
				GCC_NO_COMMON_BLOCKS = YES;
				GCC_WARN_64_TO_32_BIT_CONVERSION = YES;
				GCC_WARN_ABOUT_RETURN_TYPE = YES_ERROR;
				GCC_WARN_UNDECLARED_SELECTOR = YES;
				GCC_WARN_UNINITIALIZED_AUTOS = YES_AGGRESSIVE;
				GCC_WARN_UNUSED_FUNCTION = YES;
				GCC_WARN_UNUSED_VARIABLE = YES;
				IPHONEOS_DEPLOYMENT_TARGET = 16.4;
				MTL_ENABLE_DEBUG_INFO = NO;
				MTL_FAST_MATH = YES;
				SDKROOT = iphoneos;
				SWIFT_COMPILATION_MODE = wholemodule;
				SWIFT_OPTIMIZATION_LEVEL = "-O";
				VALIDATE_PRODUCT = YES;
			};
			name = Release;
		};
		7EDE35092ACFA12F00B22BC2 /* Debug */ = {
			isa = XCBuildConfiguration;
			buildSettings = {
				ASSETCATALOG_COMPILER_APPICON_NAME = AppIcon;
				ASSETCATALOG_COMPILER_GLOBAL_ACCENT_COLOR_NAME = AccentColor;
				CODE_SIGN_STYLE = Automatic;
				CURRENT_PROJECT_VERSION = 1;
				DEVELOPMENT_ASSET_PATHS = "\"magic-cards-crud/Preview Content\"";
				DEVELOPMENT_TEAM = 8QGS28BGXD;
				ENABLE_PREVIEWS = YES;
				GENERATE_INFOPLIST_FILE = YES;
				INFOPLIST_KEY_UIApplicationSceneManifest_Generation = YES;
				INFOPLIST_KEY_UIApplicationSupportsIndirectInputEvents = YES;
				INFOPLIST_KEY_UILaunchScreen_Generation = YES;
				INFOPLIST_KEY_UISupportedInterfaceOrientations_iPad = "UIInterfaceOrientationPortrait UIInterfaceOrientationPortraitUpsideDown UIInterfaceOrientationLandscapeLeft UIInterfaceOrientationLandscapeRight";
				INFOPLIST_KEY_UISupportedInterfaceOrientations_iPhone = "UIInterfaceOrientationPortrait UIInterfaceOrientationLandscapeLeft UIInterfaceOrientationLandscapeRight";
				LD_RUNPATH_SEARCH_PATHS = (
					"$(inherited)",
					"@executable_path/Frameworks",
				);
				MARKETING_VERSION = 1.0;
				PRODUCT_BUNDLE_IDENTIFIER = "br.alfdev.magic-cards-crud";
				PRODUCT_NAME = "$(TARGET_NAME)";
				SWIFT_EMIT_LOC_STRINGS = YES;
				SWIFT_VERSION = 5.0;
				TARGETED_DEVICE_FAMILY = "1,2";
			};
			name = Debug;
		};
		7EDE350A2ACFA12F00B22BC2 /* Release */ = {
			isa = XCBuildConfiguration;
			buildSettings = {
				ASSETCATALOG_COMPILER_APPICON_NAME = AppIcon;
				ASSETCATALOG_COMPILER_GLOBAL_ACCENT_COLOR_NAME = AccentColor;
				CODE_SIGN_STYLE = Automatic;
				CURRENT_PROJECT_VERSION = 1;
				DEVELOPMENT_ASSET_PATHS = "\"magic-cards-crud/Preview Content\"";
				DEVELOPMENT_TEAM = 8QGS28BGXD;
				ENABLE_PREVIEWS = YES;
				GENERATE_INFOPLIST_FILE = YES;
				INFOPLIST_KEY_UIApplicationSceneManifest_Generation = YES;
				INFOPLIST_KEY_UIApplicationSupportsIndirectInputEvents = YES;
				INFOPLIST_KEY_UILaunchScreen_Generation = YES;
				INFOPLIST_KEY_UISupportedInterfaceOrientations_iPad = "UIInterfaceOrientationPortrait UIInterfaceOrientationPortraitUpsideDown UIInterfaceOrientationLandscapeLeft UIInterfaceOrientationLandscapeRight";
				INFOPLIST_KEY_UISupportedInterfaceOrientations_iPhone = "UIInterfaceOrientationPortrait UIInterfaceOrientationLandscapeLeft UIInterfaceOrientationLandscapeRight";
				LD_RUNPATH_SEARCH_PATHS = (
					"$(inherited)",
					"@executable_path/Frameworks",
				);
				MARKETING_VERSION = 1.0;
				PRODUCT_BUNDLE_IDENTIFIER = "br.alfdev.magic-cards-crud";
				PRODUCT_NAME = "$(TARGET_NAME)";
				SWIFT_EMIT_LOC_STRINGS = YES;
				SWIFT_VERSION = 5.0;
				TARGETED_DEVICE_FAMILY = "1,2";
			};
			name = Release;
		};
/* End XCBuildConfiguration section */

/* Begin XCConfigurationList section */
		7EDE34F02ACFA12D00B22BC2 /* Build configuration list for PBXProject "magic-cards-crud" */ = {
			isa = XCConfigurationList;
			buildConfigurations = (
				7EDE35062ACFA12F00B22BC2 /* Debug */,
				7EDE35072ACFA12F00B22BC2 /* Release */,
			);
			defaultConfigurationIsVisible = 0;
			defaultConfigurationName = Release;
		};
		7EDE35082ACFA12F00B22BC2 /* Build configuration list for PBXNativeTarget "magic-cards-crud" */ = {
			isa = XCConfigurationList;
			buildConfigurations = (
				7EDE35092ACFA12F00B22BC2 /* Debug */,
				7EDE350A2ACFA12F00B22BC2 /* Release */,
			);
			defaultConfigurationIsVisible = 0;
			defaultConfigurationName = Release;
		};
/* End XCConfigurationList section */

/* Begin XCVersionGroup section */
		7EDE35032ACFA12F00B22BC2 /* magic_cards_crud.xcdatamodeld */ = {
			isa = XCVersionGroup;
			children = (
				7EDE35042ACFA12F00B22BC2 /* magic_cards_crud.xcdatamodel */,
			);
			currentVersion = 7EDE35042ACFA12F00B22BC2 /* magic_cards_crud.xcdatamodel */;
			path = magic_cards_crud.xcdatamodeld;
			sourceTree = "<group>";
			versionGroupType = wrapper.xcdatamodel;
		};
/* End XCVersionGroup section */
	};
	rootObject = 7EDE34ED2ACFA12D00B22BC2 /* Project object */;
}
